{
  "nodes": {
    "nixpkgs": {
      "locked": {
        "lastModified": 1737885640,
        "narHash": "sha256-GFzPxJzTd1rPIVD4IW+GwJlyGwBDV1Tj5FLYwDQQ9sM=",
        "type": "tarball",
        "url": "https://github.com/NixOS/nixpkgs/tarball/nixos-24.11"
      },
      "original": {
        "type": "tarball",
        "url": "https://github.com/NixOS/nixpkgs/tarball/nixos-24.11"
      }
    },
    "root": {
      "inputs": {
        "nixpkgs": "nixpkgs"
      }
    }
  },
  "root": "root",
  "version": 7
}
